# This file is generated by running "yarn install" inside your project.
# Manual changes might be lost - proceed with caution!

__metadata:
  version: 4
  cacheKey: 7

"case-peers-basic@workspace:.":
  version: 0.0.0-use.local
  resolution: "case-peers-basic@workspace:."
  dependencies:
    react: 18.2.0
    react-dom: 18.2.0
  languageName: unknown
  linkType: soft

"js-tokens@npm:^3.0.0 || ^4.0.0":
  version: 4.0.0
  resolution: "js-tokens@npm:4.0.0"
  checksum: 1fc4e4667ac2d972aba65148b9cbf9c17566b2394d3504238d8492bbd3e68f496c657eab06b26b40b17db5cac0a34d153a12130e2d2d2bb6dc2cdc8a4764eb1b
  languageName: node
  linkType: hard

"loose-envify@npm:^1.1.0":
  version: 1.4.0
  resolution: "loose-envify@npm:1.4.0"
  dependencies:
    js-tokens: ^3.0.0 || ^4.0.0
  bin:
    loose-envify: cli.js
  checksum: 5c3b47bbe5f597a3889fb001a3a98aaea2a3fafa48089c19034de1e0121bf57dbee609d184478514d74d5c5a7e9cfa3d846343455e5123b060040d46c39e91dc
  languageName: node
  linkType: hard

"react-dom@npm:18.2.0":
  version: 18.2.0
  resolution: "react-dom@npm:18.2.0"
  dependencies:
    loose-envify: ^1.1.0
    scheduler: ^0.23.0
  peerDependencies:
    react: ^18.2.0
  checksum: bfe02102c59eedc368c7102ccd9c8e4c69bba7cc566cc589bb26ceb99eca73031d1f21bbfe01e65201a387476114a5daf670d97645e568d615762929f35de9d1
  languageName: node
  linkType: hard

"react@npm:18.2.0":
  version: 18.2.0
  resolution: "react@npm:18.2.0"
  dependencies:
    loose-envify: ^1.1.0
  checksum: dbb7de0b4d887dd4e4a1442753d7486db884cb41c5724a4cb40a71cb43af34a4e0d6fb160eebc22bffc614398d5143dd25852dde07e3ec4b3c2567c749d89eb8
  languageName: node
  linkType: hard

"scheduler@npm:^0.23.0":
  version: 0.23.2
  resolution: "scheduler@npm:0.23.2"
  dependencies:
    loose-envify: ^1.1.0
  checksum: e2e5a8532540df17f3b9d5478326c1720595df0902d82866fc576748914c4beb41d68c2ddec0c35fd9991d63578c034234fcd7b73e18ea152660cb1489b38a5e
  languageName: node
  linkType: hard
