# This file is generated by running "yarn install" inside your project.
# Manual changes might be lost - proceed with caution!

__metadata:
  version: 8
  cacheKey: 10

"@antongolub/lockfile@workspace:.":
  version: 0.0.0-use.local
  resolution: "@antongolub/lockfile@workspace:."
  dependencies:
    "@types/node": "npm:^22.10.0"
    typescript: "npm:^5.7.0"
    vitest: "npm:^2.1.0"
  languageName: unknown
  linkType: soft

"@esbuild/aix-ppc64@npm:0.21.5":
  version: 0.21.5
  resolution: "@esbuild/aix-ppc64@npm:0.21.5"
  conditions: os=aix & cpu=ppc64
  languageName: node
  linkType: hard

"@esbuild/android-arm64@npm:0.21.5":
  version: 0.21.5
  resolution: "@esbuild/android-arm64@npm:0.21.5"
  conditions: os=android & cpu=arm64
  languageName: node
  linkType: hard

"@esbuild/android-arm@npm:0.21.5":
  version: 0.21.5
  resolution: "@esbuild/android-arm@npm:0.21.5"
  conditions: os=android & cpu=arm
  languageName: node
  linkType: hard

"@esbuild/android-x64@npm:0.21.5":
  version: 0.21.5
  resolution: "@esbuild/android-x64@npm:0.21.5"
  conditions: os=android & cpu=x64
  languageName: node
  linkType: hard

"@esbuild/darwin-arm64@npm:0.21.5":
  version: 0.21.5
  resolution: "@esbuild/darwin-arm64@npm:0.21.5"
  conditions: os=darwin & cpu=arm64
  languageName: node
  linkType: hard

"@esbuild/darwin-x64@npm:0.21.5":
  version: 0.21.5
  resolution: "@esbuild/darwin-x64@npm:0.21.5"
  conditions: os=darwin & cpu=x64
  languageName: node
  linkType: hard

"@esbuild/freebsd-arm64@npm:0.21.5":
  version: 0.21.5
  resolution: "@esbuild/freebsd-arm64@npm:0.21.5"
  conditions: os=freebsd & cpu=arm64
  languageName: node
  linkType: hard

"@esbuild/freebsd-x64@npm:0.21.5":
  version: 0.21.5
  resolution: "@esbuild/freebsd-x64@npm:0.21.5"
  conditions: os=freebsd & cpu=x64
  languageName: node
  linkType: hard

"@esbuild/linux-arm64@npm:0.21.5":
  version: 0.21.5
  resolution: "@esbuild/linux-arm64@npm:0.21.5"
  conditions: os=linux & cpu=arm64
  languageName: node
  linkType: hard

"@esbuild/linux-arm@npm:0.21.5":
  version: 0.21.5
  resolution: "@esbuild/linux-arm@npm:0.21.5"
  conditions: os=linux & cpu=arm
  languageName: node
  linkType: hard

"@esbuild/linux-ia32@npm:0.21.5":
  version: 0.21.5
  resolution: "@esbuild/linux-ia32@npm:0.21.5"
  conditions: os=linux & cpu=ia32
  languageName: node
  linkType: hard

"@esbuild/linux-loong64@npm:0.21.5":
  version: 0.21.5
  resolution: "@esbuild/linux-loong64@npm:0.21.5"
  conditions: os=linux & cpu=loong64
  languageName: node
  linkType: hard

"@esbuild/linux-mips64el@npm:0.21.5":
  version: 0.21.5
  resolution: "@esbuild/linux-mips64el@npm:0.21.5"
  conditions: os=linux & cpu=mips64el
  languageName: node
  linkType: hard

"@esbuild/linux-ppc64@npm:0.21.5":
  version: 0.21.5
  resolution: "@esbuild/linux-ppc64@npm:0.21.5"
  conditions: os=linux & cpu=ppc64
  languageName: node
  linkType: hard

"@esbuild/linux-riscv64@npm:0.21.5":
  version: 0.21.5
  resolution: "@esbuild/linux-riscv64@npm:0.21.5"
  conditions: os=linux & cpu=riscv64
  languageName: node
  linkType: hard

"@esbuild/linux-s390x@npm:0.21.5":
  version: 0.21.5
  resolution: "@esbuild/linux-s390x@npm:0.21.5"
  conditions: os=linux & cpu=s390x
  languageName: node
  linkType: hard

"@esbuild/linux-x64@npm:0.21.5":
  version: 0.21.5
  resolution: "@esbuild/linux-x64@npm:0.21.5"
  conditions: os=linux & cpu=x64
  languageName: node
  linkType: hard

"@esbuild/netbsd-x64@npm:0.21.5":
  version: 0.21.5
  resolution: "@esbuild/netbsd-x64@npm:0.21.5"
  conditions: os=netbsd & cpu=x64
  languageName: node
  linkType: hard

"@esbuild/openbsd-x64@npm:0.21.5":
  version: 0.21.5
  resolution: "@esbuild/openbsd-x64@npm:0.21.5"
  conditions: os=openbsd & cpu=x64
  languageName: node
  linkType: hard

"@esbuild/sunos-x64@npm:0.21.5":
  version: 0.21.5
  resolution: "@esbuild/sunos-x64@npm:0.21.5"
  conditions: os=sunos & cpu=x64
  languageName: node
  linkType: hard

"@esbuild/win32-arm64@npm:0.21.5":
  version: 0.21.5
  resolution: "@esbuild/win32-arm64@npm:0.21.5"
  conditions: os=win32 & cpu=arm64
  languageName: node
  linkType: hard

"@esbuild/win32-ia32@npm:0.21.5":
  version: 0.21.5
  resolution: "@esbuild/win32-ia32@npm:0.21.5"
  conditions: os=win32 & cpu=ia32
  languageName: node
  linkType: hard

"@esbuild/win32-x64@npm:0.21.5":
  version: 0.21.5
  resolution: "@esbuild/win32-x64@npm:0.21.5"
  conditions: os=win32 & cpu=x64
  languageName: node
  linkType: hard

"@isaacs/fs-minipass@npm:^4.0.0":
  version: 4.0.1
  resolution: "@isaacs/fs-minipass@npm:4.0.1"
  dependencies:
    minipass: "npm:^7.0.4"
  checksum: 4412e9e6713c89c1e66d80bb0bb5a2a93192f10477623a27d08f228ba0316bb880affabc5bfe7f838f58a34d26c2c190da726e576cdfc18c49a72e89adabdcf5
  languageName: node
  linkType: hard

"@jridgewell/sourcemap-codec@npm:^1.5.5":
  version: 1.5.5
  resolution: "@jridgewell/sourcemap-codec@npm:1.5.5"
  checksum: 5d9d207b462c11e322d71911e55e21a4e2772f71ffe8d6f1221b8eb5ae6774458c1d242f897fb0814e8714ca9a6b498abfa74dfe4f434493342902b1a48b33a5
  languageName: node
  linkType: hard

"@rollup/rollup-android-arm-eabi@npm:4.60.2":
  version: 4.60.2
  resolution: "@rollup/rollup-android-arm-eabi@npm:4.60.2"
  conditions: os=android & cpu=arm
  languageName: node
  linkType: hard

"@rollup/rollup-android-arm64@npm:4.60.2":
  version: 4.60.2
  resolution: "@rollup/rollup-android-arm64@npm:4.60.2"
  conditions: os=android & cpu=arm64
  languageName: node
  linkType: hard

"@rollup/rollup-darwin-arm64@npm:4.60.2":
  version: 4.60.2
  resolution: "@rollup/rollup-darwin-arm64@npm:4.60.2"
  conditions: os=darwin & cpu=arm64
  languageName: node
  linkType: hard

"@rollup/rollup-darwin-x64@npm:4.60.2":
  version: 4.60.2
  resolution: "@rollup/rollup-darwin-x64@npm:4.60.2"
  conditions: os=darwin & cpu=x64
  languageName: node
  linkType: hard

"@rollup/rollup-freebsd-arm64@npm:4.60.2":
  version: 4.60.2
  resolution: "@rollup/rollup-freebsd-arm64@npm:4.60.2"
  conditions: os=freebsd & cpu=arm64
  languageName: node
  linkType: hard

"@rollup/rollup-freebsd-x64@npm:4.60.2":
  version: 4.60.2
  resolution: "@rollup/rollup-freebsd-x64@npm:4.60.2"
  conditions: os=freebsd & cpu=x64
  languageName: node
  linkType: hard

"@rollup/rollup-linux-arm-gnueabihf@npm:4.60.2":
  version: 4.60.2
  resolution: "@rollup/rollup-linux-arm-gnueabihf@npm:4.60.2"
  conditions: os=linux & cpu=arm & libc=glibc
  languageName: node
  linkType: hard

"@rollup/rollup-linux-arm-musleabihf@npm:4.60.2":
  version: 4.60.2
  resolution: "@rollup/rollup-linux-arm-musleabihf@npm:4.60.2"
  conditions: os=linux & cpu=arm & libc=musl
  languageName: node
  linkType: hard

"@rollup/rollup-linux-arm64-gnu@npm:4.60.2":
  version: 4.60.2
  resolution: "@rollup/rollup-linux-arm64-gnu@npm:4.60.2"
  conditions: os=linux & cpu=arm64 & libc=glibc
  languageName: node
  linkType: hard

"@rollup/rollup-linux-arm64-musl@npm:4.60.2":
  version: 4.60.2
  resolution: "@rollup/rollup-linux-arm64-musl@npm:4.60.2"
  conditions: os=linux & cpu=arm64 & libc=musl
  languageName: node
  linkType: hard

"@rollup/rollup-linux-loong64-gnu@npm:4.60.2":
  version: 4.60.2
  resolution: "@rollup/rollup-linux-loong64-gnu@npm:4.60.2"
  conditions: os=linux & cpu=loong64 & libc=glibc
  languageName: node
  linkType: hard

"@rollup/rollup-linux-loong64-musl@npm:4.60.2":
  version: 4.60.2
  resolution: "@rollup/rollup-linux-loong64-musl@npm:4.60.2"
  conditions: os=linux & cpu=loong64 & libc=musl
  languageName: node
  linkType: hard

"@rollup/rollup-linux-ppc64-gnu@npm:4.60.2":
  version: 4.60.2
  resolution: "@rollup/rollup-linux-ppc64-gnu@npm:4.60.2"
  conditions: os=linux & cpu=ppc64 & libc=glibc
  languageName: node
  linkType: hard

"@rollup/rollup-linux-ppc64-musl@npm:4.60.2":
  version: 4.60.2
  resolution: "@rollup/rollup-linux-ppc64-musl@npm:4.60.2"
  conditions: os=linux & cpu=ppc64 & libc=musl
  languageName: node
  linkType: hard

"@rollup/rollup-linux-riscv64-gnu@npm:4.60.2":
  version: 4.60.2
  resolution: "@rollup/rollup-linux-riscv64-gnu@npm:4.60.2"
  conditions: os=linux & cpu=riscv64 & libc=glibc
  languageName: node
  linkType: hard

"@rollup/rollup-linux-riscv64-musl@npm:4.60.2":
  version: 4.60.2
  resolution: "@rollup/rollup-linux-riscv64-musl@npm:4.60.2"
  conditions: os=linux & cpu=riscv64 & libc=musl
  languageName: node
  linkType: hard

"@rollup/rollup-linux-s390x-gnu@npm:4.60.2":
  version: 4.60.2
  resolution: "@rollup/rollup-linux-s390x-gnu@npm:4.60.2"
  conditions: os=linux & cpu=s390x & libc=glibc
  languageName: node
  linkType: hard

"@rollup/rollup-linux-x64-gnu@npm:4.60.2":
  version: 4.60.2
  resolution: "@rollup/rollup-linux-x64-gnu@npm:4.60.2"
  conditions: os=linux & cpu=x64 & libc=glibc
  languageName: node
  linkType: hard

"@rollup/rollup-linux-x64-musl@npm:4.60.2":
  version: 4.60.2
  resolution: "@rollup/rollup-linux-x64-musl@npm:4.60.2"
  conditions: os=linux & cpu=x64 & libc=musl
  languageName: node
  linkType: hard

"@rollup/rollup-openbsd-x64@npm:4.60.2":
  version: 4.60.2
  resolution: "@rollup/rollup-openbsd-x64@npm:4.60.2"
  conditions: os=openbsd & cpu=x64
  languageName: node
  linkType: hard

"@rollup/rollup-openharmony-arm64@npm:4.60.2":
  version: 4.60.2
  resolution: "@rollup/rollup-openharmony-arm64@npm:4.60.2"
  conditions: os=openharmony & cpu=arm64
  languageName: node
  linkType: hard

"@rollup/rollup-win32-arm64-msvc@npm:4.60.2":
  version: 4.60.2
  resolution: "@rollup/rollup-win32-arm64-msvc@npm:4.60.2"
  conditions: os=win32 & cpu=arm64
  languageName: node
  linkType: hard

"@rollup/rollup-win32-ia32-msvc@npm:4.60.2":
  version: 4.60.2
  resolution: "@rollup/rollup-win32-ia32-msvc@npm:4.60.2"
  conditions: os=win32 & cpu=ia32
  languageName: node
  linkType: hard

"@rollup/rollup-win32-x64-gnu@npm:4.60.2":
  version: 4.60.2
  resolution: "@rollup/rollup-win32-x64-gnu@npm:4.60.2"
  conditions: os=win32 & cpu=x64
  languageName: node
  linkType: hard

"@rollup/rollup-win32-x64-msvc@npm:4.60.2":
  version: 4.60.2
  resolution: "@rollup/rollup-win32-x64-msvc@npm:4.60.2"
  conditions: os=win32 & cpu=x64
  languageName: node
  linkType: hard

"@types/estree@npm:1.0.8, @types/estree@npm:^1.0.0":
  version: 1.0.8
  resolution: "@types/estree@npm:1.0.8"
  checksum: 25a4c16a6752538ffde2826c2cc0c6491d90e69cd6187bef4a006dd2c3c45469f049e643d7e516c515f21484dc3d48fd5c870be158a5beb72f5baf3dc43e4099
  languageName: node
  linkType: hard

"@types/node@npm:^22.10.0":
  version: 22.19.17
  resolution: "@types/node@npm:22.19.17"
  dependencies:
    undici-types: "npm:~6.21.0"
  checksum: 8adcf9c2e9e7c524196efdd5ee60ebeda980b4ec9b5b8650e2341a2cabe46d368f3a4e4c0050b3bf26eb9cf383453ea2193ec5604079cdf9493a11a742f62018
  languageName: node
  linkType: hard

"@vitest/expect@npm:2.1.9":
  version: 2.1.9
  resolution: "@vitest/expect@npm:2.1.9"
  dependencies:
    "@vitest/spy": "npm:2.1.9"
    "@vitest/utils": "npm:2.1.9"
    chai: "npm:^5.1.2"
    tinyrainbow: "npm:^1.2.0"
  checksum: c4317e4d013b12530cd9b175906788ef9d78b92fa0a37939a68c78bcf6d3657e7a43b632d00b9204a493fd0c2e7595a1c3c05652e749bf44a08927a9161e49f0
  languageName: node
  linkType: hard

"@vitest/mocker@npm:2.1.9":
  version: 2.1.9
  resolution: "@vitest/mocker@npm:2.1.9"
  dependencies:
    "@vitest/spy": "npm:2.1.9"
    estree-walker: "npm:^3.0.3"
    magic-string: "npm:^0.30.12"
  peerDependencies:
    msw: ^2.4.9
    vite: ^5.0.0
  peerDependenciesMeta:
    msw:
      optional: true
    vite:
      optional: true
  checksum: 54c5ef47065e047b011cf0d89321654250a77601c93cc5bbd613782d1939d014385d6c909e4857dd473278ce63f8b6bfbbf7a96e05f7f22f33951cdbfce22993
  languageName: node
  linkType: hard

"@vitest/pretty-format@npm:2.1.9, @vitest/pretty-format@npm:^2.1.9":
  version: 2.1.9
  resolution: "@vitest/pretty-format@npm:2.1.9"
  dependencies:
    tinyrainbow: "npm:^1.2.0"
  checksum: 557dc637c5825abd62ccb15080e59e04d22121e746d8020a0815d7c0c45132fed81b1ff36b26f5991e57a9f1d36e52aa19712abbfe1d0cbcd14252b449a919dc
  languageName: node
  linkType: hard

"@vitest/runner@npm:2.1.9":
  version: 2.1.9
  resolution: "@vitest/runner@npm:2.1.9"
  dependencies:
    "@vitest/utils": "npm:2.1.9"
    pathe: "npm:^1.1.2"
  checksum: 3f2b67406c71fa5d3861601fca1bbd1bf850d82b1c34586199dcadae8cd63f666a5a13e83145287776b2f3c36ba684840feb37f5d6f1b834a1233feac5df8ed9
  languageName: node
  linkType: hard

"@vitest/snapshot@npm:2.1.9":
  version: 2.1.9
  resolution: "@vitest/snapshot@npm:2.1.9"
  dependencies:
    "@vitest/pretty-format": "npm:2.1.9"
    magic-string: "npm:^0.30.12"
    pathe: "npm:^1.1.2"
  checksum: cb41d952bbad0ba55c265a21862d0ea5d2c54b75636f98cefbf467c973cec5c6edef5c21d325e26531de9a5abfe8ef6c367874163a57c169afd936b041e6cda8
  languageName: node
  linkType: hard

"@vitest/spy@npm:2.1.9":
  version: 2.1.9
  resolution: "@vitest/spy@npm:2.1.9"
  dependencies:
    tinyspy: "npm:^3.0.2"
  checksum: a47302082b6071b0f756df10045477b4f4d12391c35f595f66ba99e9c4b51d286096a61a640d87c948f5f050ecb3a46f73d51ae62b5bcaf52e4b8f12ecfb86e3
  languageName: node
  linkType: hard

"@vitest/utils@npm:2.1.9":
  version: 2.1.9
  resolution: "@vitest/utils@npm:2.1.9"
  dependencies:
    "@vitest/pretty-format": "npm:2.1.9"
    loupe: "npm:^3.1.2"
    tinyrainbow: "npm:^1.2.0"
  checksum: 83d62d5703a3210a2f137c25dc4e797a7a1d74d5d2e14ecc33b274c7710304fa8b5099101c98bc8d66cc2bf18a14f88ebf21f0996a99d0ee1439ae23b49f3961
  languageName: node
  linkType: hard

"abbrev@npm:^4.0.0":
  version: 4.0.0
  resolution: "abbrev@npm:4.0.0"
  checksum: e2f0c6a6708ad738b3e8f50233f4800de31ad41a6cdc50e0cbe51b76fed69fd0213516d92c15ce1a9985fca71a14606a9be22bf00f8475a58987b9bfb671c582
  languageName: node
  linkType: hard

"assertion-error@npm:^2.0.1":
  version: 2.0.1
  resolution: "assertion-error@npm:2.0.1"
  checksum: a0789dd882211b87116e81e2648ccb7f60340b34f19877dd020b39ebb4714e475eb943e14ba3e22201c221ef6645b7bfe10297e76b6ac95b48a9898c1211ce66
  languageName: node
  linkType: hard

"cac@npm:^6.7.14":
  version: 6.7.14
  resolution: "cac@npm:6.7.14"
  checksum: 002769a0fbfc51c062acd2a59df465a2a947916b02ac50b56c69ec6c018ee99ac3e7f4dd7366334ea847f1ecacf4defaa61bcd2ac283db50156ce1f1d8c8ad42
  languageName: node
  linkType: hard

"chai@npm:^5.1.2":
  version: 5.3.3
  resolution: "chai@npm:5.3.3"
  dependencies:
    assertion-error: "npm:^2.0.1"
    check-error: "npm:^2.1.1"
    deep-eql: "npm:^5.0.1"
    loupe: "npm:^3.1.0"
    pathval: "npm:^2.0.0"
  checksum: 0d0ef63106083b05c7ba510697cd9991a02b8df5984a7d010ab4af10205c7a1f27d1c06bfa4679540894295ac4dcc22aa2a281e2e4cfe5133c1db379626689a2
  languageName: node
  linkType: hard

"check-error@npm:^2.1.1":
  version: 2.1.3
  resolution: "check-error@npm:2.1.3"
  checksum: f1868d3db60f5a7da92e140ccf33e9152bf6124161fa9b7a4ae8eafdb05e66e1f13570401e56f314f037b0f1b71eaf38ad0c7256310d82c6105e9d85ded0f202
  languageName: node
  linkType: hard

"chownr@npm:^3.0.0":
  version: 3.0.0
  resolution: "chownr@npm:3.0.0"
  checksum: b63cb1f73d171d140a2ed8154ee6566c8ab775d3196b0e03a2a94b5f6a0ce7777ee5685ca56849403c8d17bd457a6540672f9a60696a6137c7a409097495b82c
  languageName: node
  linkType: hard

"debug@npm:^4.3.7":
  version: 4.4.3
  resolution: "debug@npm:4.4.3"
  dependencies:
    ms: "npm:^2.1.3"
  peerDependenciesMeta:
    supports-color:
      optional: true
  checksum: 9ada3434ea2993800bd9a1e320bd4aa7af69659fb51cca685d390949434bc0a8873c21ed7c9b852af6f2455a55c6d050aa3937d52b3c69f796dab666f762acad
  languageName: node
  linkType: hard

"deep-eql@npm:^5.0.1":
  version: 5.0.2
  resolution: "deep-eql@npm:5.0.2"
  checksum: a529b81e2ef8821621d20a36959a0328873a3e49d393ad11f8efe8559f31239494c2eb889b80342808674c475802ba95b9d6c4c27641b9a029405104c1b59fcf
  languageName: node
  linkType: hard

"env-paths@npm:^2.2.0":
  version: 2.2.1
  resolution: "env-paths@npm:2.2.1"
  checksum: 65b5df55a8bab92229ab2b40dad3b387fad24613263d103a97f91c9fe43ceb21965cd3392b1ccb5d77088021e525c4e0481adb309625d0cb94ade1d1fb8dc17e
  languageName: node
  linkType: hard

"es-module-lexer@npm:^1.5.4":
  version: 1.7.0
  resolution: "es-module-lexer@npm:1.7.0"
  checksum: b6f3e576a3fed4d82b0d0ad4bbf6b3a5ad694d2e7ce8c4a069560da3db6399381eaba703616a182b16dde50ce998af64e07dcf49f2ae48153b9e07be3f107087
  languageName: node
  linkType: hard

"esbuild@npm:^0.21.3":
  version: 0.21.5
  resolution: "esbuild@npm:0.21.5"
  dependencies:
    "@esbuild/aix-ppc64": "npm:0.21.5"
    "@esbuild/android-arm": "npm:0.21.5"
    "@esbuild/android-arm64": "npm:0.21.5"
    "@esbuild/android-x64": "npm:0.21.5"
    "@esbuild/darwin-arm64": "npm:0.21.5"
    "@esbuild/darwin-x64": "npm:0.21.5"
    "@esbuild/freebsd-arm64": "npm:0.21.5"
    "@esbuild/freebsd-x64": "npm:0.21.5"
    "@esbuild/linux-arm": "npm:0.21.5"
    "@esbuild/linux-arm64": "npm:0.21.5"
    "@esbuild/linux-ia32": "npm:0.21.5"
    "@esbuild/linux-loong64": "npm:0.21.5"
    "@esbuild/linux-mips64el": "npm:0.21.5"
    "@esbuild/linux-ppc64": "npm:0.21.5"
    "@esbuild/linux-riscv64": "npm:0.21.5"
    "@esbuild/linux-s390x": "npm:0.21.5"
    "@esbuild/linux-x64": "npm:0.21.5"
    "@esbuild/netbsd-x64": "npm:0.21.5"
    "@esbuild/openbsd-x64": "npm:0.21.5"
    "@esbuild/sunos-x64": "npm:0.21.5"
    "@esbuild/win32-arm64": "npm:0.21.5"
    "@esbuild/win32-ia32": "npm:0.21.5"
    "@esbuild/win32-x64": "npm:0.21.5"
  dependenciesMeta:
    "@esbuild/aix-ppc64":
      optional: true
    "@esbuild/android-arm":
      optional: true
    "@esbuild/android-arm64":
      optional: true
    "@esbuild/android-x64":
      optional: true
    "@esbuild/darwin-arm64":
      optional: true
    "@esbuild/darwin-x64":
      optional: true
    "@esbuild/freebsd-arm64":
      optional: true
    "@esbuild/freebsd-x64":
      optional: true
    "@esbuild/linux-arm":
      optional: true
    "@esbuild/linux-arm64":
      optional: true
    "@esbuild/linux-ia32":
      optional: true
    "@esbuild/linux-loong64":
      optional: true
    "@esbuild/linux-mips64el":
      optional: true
    "@esbuild/linux-ppc64":
      optional: true
    "@esbuild/linux-riscv64":
      optional: true
    "@esbuild/linux-s390x":
      optional: true
    "@esbuild/linux-x64":
      optional: true
    "@esbuild/netbsd-x64":
      optional: true
    "@esbuild/openbsd-x64":
      optional: true
    "@esbuild/sunos-x64":
      optional: true
    "@esbuild/win32-arm64":
      optional: true
    "@esbuild/win32-ia32":
      optional: true
    "@esbuild/win32-x64":
      optional: true
  bin:
    esbuild: bin/esbuild
  checksum: d2ff2ca84d30cce8e871517374d6c2290835380dc7cd413b2d49189ed170d45e407be14de2cb4794cf76f75cf89955c4714726ebd3de7444b3046f5cab23ab6b
  languageName: node
  linkType: hard

"estree-walker@npm:^3.0.3":
  version: 3.0.3
  resolution: "estree-walker@npm:3.0.3"
  dependencies:
    "@types/estree": "npm:^1.0.0"
  checksum: a65728d5727b71de172c5df323385755a16c0fdab8234dc756c3854cfee343261ddfbb72a809a5660fac8c75d960bb3e21aa898c2d7e9b19bb298482ca58a3af
  languageName: node
  linkType: hard

"expect-type@npm:^1.1.0":
  version: 1.3.0
  resolution: "expect-type@npm:1.3.0"
  checksum: a5fada3d0c621649261f886e7d93e6bf80ce26d8a86e5d517e38301b8baec8450ab2cb94ba6e7a0a6bf2fc9ee55f54e1b06938ef1efa52ddcfeffbfa01acbbcc
  languageName: node
  linkType: hard

"exponential-backoff@npm:^3.1.1":
  version: 3.1.3
  resolution: "exponential-backoff@npm:3.1.3"
  checksum: ca25962b4bbab943b7c4ed0b5228e263833a5063c65e1cdeac4be9afad350aae5466e8e619b5051f4f8d37b2144a2d6e8fcc771b6cc82934f7dade2f964f652c
  languageName: node
  linkType: hard

"fdir@npm:^6.5.0":
  version: 6.5.0
  resolution: "fdir@npm:6.5.0"
  peerDependencies:
    picomatch: ^3 || ^4
  peerDependenciesMeta:
    picomatch:
      optional: true
  checksum: 14ca1c9f0a0e8f4f2e9bf4e8551065a164a09545dae548c12a18d238b72e51e5a7b39bd8e5494b56463a0877672d0a6c1ef62c6fa0677db1b0c847773be939b1
  languageName: node
  linkType: hard

"fsevents@npm:~2.3.2, fsevents@npm:~2.3.3":
  version: 2.3.3
  resolution: "fsevents@npm:2.3.3"
  dependencies:
    node-gyp: "npm:latest"
  checksum: 4c1ade961ded57cdbfbb5cac5106ec17bc8bccd62e16343c569a0ceeca83b9dfef87550b4dc5cbb89642da412b20c5071f304c8c464b80415446e8e155a038c0
  conditions: os=darwin
  languageName: node
  linkType: hard

"fsevents@patch:fsevents@npm%3A~2.3.2#optional!builtin<compat/fsevents>, fsevents@patch:fsevents@npm%3A~2.3.3#optional!builtin<compat/fsevents>":
  version: 2.3.3
  resolution: "fsevents@patch:fsevents@npm%3A2.3.3#optional!builtin<compat/fsevents>::version=2.3.3&hash=df0bf1"
  dependencies:
    node-gyp: "npm:latest"
  conditions: os=darwin
  languageName: node
  linkType: hard

"graceful-fs@npm:^4.2.6":
  version: 4.2.11
  resolution: "graceful-fs@npm:4.2.11"
  checksum: bf152d0ed1dc159239db1ba1f74fdbc40cb02f626770dcd5815c427ce0688c2635a06ed69af364396da4636d0408fcf7d4afdf7881724c3307e46aff30ca49e2
  languageName: node
  linkType: hard

"isexe@npm:^4.0.0":
  version: 4.0.0
  resolution: "isexe@npm:4.0.0"
  checksum: 2ead327ef596042ef9c9ec5f236b316acfaedb87f4bb61b3c3d574fb2e9c8a04b67305e04733bde52c24d9622fdebd3270aadb632adfbf9cadef88fe30f479e5
  languageName: node
  linkType: hard

"loupe@npm:^3.1.0, loupe@npm:^3.1.2":
  version: 3.2.1
  resolution: "loupe@npm:3.2.1"
  checksum: a4d78ec758aaa04e0e35d5cd1c15e970beb9cdbfd3d0f34f98b9bcda489f896a7190b3b6cc40b7a6dcb8e97e82e96eafaae10096aaa469804acdba6f7c2bde5f
  languageName: node
  linkType: hard

"magic-string@npm:^0.30.12":
  version: 0.30.21
  resolution: "magic-string@npm:0.30.21"
  dependencies:
    "@jridgewell/sourcemap-codec": "npm:^1.5.5"
  checksum: 57d5691f41ed40d962d8bd300148114f53db67fadbff336207db10a99f2bdf4a1be9cac3a68ee85dba575912ee1d4402e4396408196ec2d3afd043b076156221
  languageName: node
  linkType: hard

"minipass@npm:^7.0.4, minipass@npm:^7.1.2":
  version: 7.1.3
  resolution: "minipass@npm:7.1.3"
  checksum: 175e4d5e20980c3cd316ae82d2c031c42f6c746467d8b1905b51060a0ba4461441a0c25bb67c025fd9617f9a3873e152c7b543c6b5ac83a1846be8ade80dffd6
  languageName: node
  linkType: hard

"minizlib@npm:^3.1.0":
  version: 3.1.0
  resolution: "minizlib@npm:3.1.0"
  dependencies:
    minipass: "npm:^7.1.2"
  checksum: f47365cc2cb7f078cbe7e046eb52655e2e7e97f8c0a9a674f4da60d94fb0624edfcec9b5db32e8ba5a99a5f036f595680ae6fe02a262beaa73026e505cc52f99
  languageName: node
  linkType: hard

"ms@npm:^2.1.3":
  version: 2.1.3
  resolution: "ms@npm:2.1.3"
  checksum: aa92de608021b242401676e35cfa5aa42dd70cbdc082b916da7fb925c542173e36bce97ea3e804923fe92c0ad991434e4a38327e15a1b5b5f945d66df615ae6d
  languageName: node
  linkType: hard

"nanoid@npm:^3.3.11":
  version: 3.3.11
  resolution: "nanoid@npm:3.3.11"
  bin:
    nanoid: bin/nanoid.cjs
  checksum: 73b5afe5975a307aaa3c95dfe3334c52cdf9ae71518176895229b8d65ab0d1c0417dd081426134eb7571c055720428ea5d57c645138161e7d10df80815527c48
  languageName: node
  linkType: hard

"node-gyp@npm:latest":
  version: 12.3.0
  resolution: "node-gyp@npm:12.3.0"
  dependencies:
    env-paths: "npm:^2.2.0"
    exponential-backoff: "npm:^3.1.1"
    graceful-fs: "npm:^4.2.6"
    nopt: "npm:^9.0.0"
    proc-log: "npm:^6.0.0"
    semver: "npm:^7.3.5"
    tar: "npm:^7.5.4"
    tinyglobby: "npm:^0.2.12"
    undici: "npm:^6.25.0"
    which: "npm:^6.0.0"
  bin:
    node-gyp: bin/node-gyp.js
  checksum: cd97bf17f0f3e6288c42cc23a6db8528a98e7530abdb72ab558272906d603362e4558069f99f8a5250bc78f65ff305b1438caca4f1b31c81904a8798c242603e
  languageName: node
  linkType: hard

"nopt@npm:^9.0.0":
  version: 9.0.0
  resolution: "nopt@npm:9.0.0"
  dependencies:
    abbrev: "npm:^4.0.0"
  bin:
    nopt: bin/nopt.js
  checksum: 56a1ccd2ad711fb5115918e2c96828703cddbe12ba2c3bd00591758f6fa30e6f47dd905c59dbfcf9b773f3a293b45996609fb6789ae29d6bfcc3cf3a6f7d9fda
  languageName: node
  linkType: hard

"pathe@npm:^1.1.2":
  version: 1.1.2
  resolution: "pathe@npm:1.1.2"
  checksum: f201d796351bf7433d147b92c20eb154a4e0ea83512017bf4ec4e492a5d6e738fb45798be4259a61aa81270179fce11026f6ff0d3fa04173041de044defe9d80
  languageName: node
  linkType: hard

"pathval@npm:^2.0.0":
  version: 2.0.1
  resolution: "pathval@npm:2.0.1"
  checksum: f5e8b82f6b988a5bba197970af050268fd800780d0f9ee026e6f0b544ac4b17ab52bebeabccb790d63a794530a1641ae399ad07ecfc67ad337504c85dc9e5693
  languageName: node
  linkType: hard

"picocolors@npm:^1.1.1":
  version: 1.1.1
  resolution: "picocolors@npm:1.1.1"
  checksum: e1cf46bf84886c79055fdfa9dcb3e4711ad259949e3565154b004b260cd356c5d54b31a1437ce9782624bf766272fe6b0154f5f0c744fb7af5d454d2b60db045
  languageName: node
  linkType: hard

"picomatch@npm:^4.0.4":
  version: 4.0.4
  resolution: "picomatch@npm:4.0.4"
  checksum: f6ef80a3590827ce20378ae110ac78209cc4f74d39236370f1780f957b7ee41c12acde0e4651b90f39983506fd2f5e449994716f516db2e9752924aff8de93ce
  languageName: node
  linkType: hard

"postcss@npm:^8.4.43":
  version: 8.5.10
  resolution: "postcss@npm:8.5.10"
  dependencies:
    nanoid: "npm:^3.3.11"
    picocolors: "npm:^1.1.1"
    source-map-js: "npm:^1.2.1"
  checksum: 7eac6169e535b63c8412e94d4f6047fc23efa3e9dde804b541940043c831b25f1cd867d83cd2c4371ad2450c8abcb42c208aa25668c1f0f3650d7f72faf711a8
  languageName: node
  linkType: hard

"proc-log@npm:^6.0.0":
  version: 6.1.0
  resolution: "proc-log@npm:6.1.0"
  checksum: 9033f30f168ed5a0991b773d0c50ff88384c4738e9a0a67d341de36bf7293771eed648ab6a0562f62276da12fde91f3bbfc75ffff6e71ad49aafd74fc646be66
  languageName: node
  linkType: hard

"rollup@npm:^4.20.0":
  version: 4.60.2
  resolution: "rollup@npm:4.60.2"
  dependencies:
    "@rollup/rollup-android-arm-eabi": "npm:4.60.2"
    "@rollup/rollup-android-arm64": "npm:4.60.2"
    "@rollup/rollup-darwin-arm64": "npm:4.60.2"
    "@rollup/rollup-darwin-x64": "npm:4.60.2"
    "@rollup/rollup-freebsd-arm64": "npm:4.60.2"
    "@rollup/rollup-freebsd-x64": "npm:4.60.2"
    "@rollup/rollup-linux-arm-gnueabihf": "npm:4.60.2"
    "@rollup/rollup-linux-arm-musleabihf": "npm:4.60.2"
    "@rollup/rollup-linux-arm64-gnu": "npm:4.60.2"
    "@rollup/rollup-linux-arm64-musl": "npm:4.60.2"
    "@rollup/rollup-linux-loong64-gnu": "npm:4.60.2"
    "@rollup/rollup-linux-loong64-musl": "npm:4.60.2"
    "@rollup/rollup-linux-ppc64-gnu": "npm:4.60.2"
    "@rollup/rollup-linux-ppc64-musl": "npm:4.60.2"
    "@rollup/rollup-linux-riscv64-gnu": "npm:4.60.2"
    "@rollup/rollup-linux-riscv64-musl": "npm:4.60.2"
    "@rollup/rollup-linux-s390x-gnu": "npm:4.60.2"
    "@rollup/rollup-linux-x64-gnu": "npm:4.60.2"
    "@rollup/rollup-linux-x64-musl": "npm:4.60.2"
    "@rollup/rollup-openbsd-x64": "npm:4.60.2"
    "@rollup/rollup-openharmony-arm64": "npm:4.60.2"
    "@rollup/rollup-win32-arm64-msvc": "npm:4.60.2"
    "@rollup/rollup-win32-ia32-msvc": "npm:4.60.2"
    "@rollup/rollup-win32-x64-gnu": "npm:4.60.2"
    "@rollup/rollup-win32-x64-msvc": "npm:4.60.2"
    "@types/estree": "npm:1.0.8"
    fsevents: "npm:~2.3.2"
  dependenciesMeta:
    "@rollup/rollup-android-arm-eabi":
      optional: true
    "@rollup/rollup-android-arm64":
      optional: true
    "@rollup/rollup-darwin-arm64":
      optional: true
    "@rollup/rollup-darwin-x64":
      optional: true
    "@rollup/rollup-freebsd-arm64":
      optional: true
    "@rollup/rollup-freebsd-x64":
      optional: true
    "@rollup/rollup-linux-arm-gnueabihf":
      optional: true
    "@rollup/rollup-linux-arm-musleabihf":
      optional: true
    "@rollup/rollup-linux-arm64-gnu":
      optional: true
    "@rollup/rollup-linux-arm64-musl":
      optional: true
    "@rollup/rollup-linux-loong64-gnu":
      optional: true
    "@rollup/rollup-linux-loong64-musl":
      optional: true
    "@rollup/rollup-linux-ppc64-gnu":
      optional: true
    "@rollup/rollup-linux-ppc64-musl":
      optional: true
    "@rollup/rollup-linux-riscv64-gnu":
      optional: true
    "@rollup/rollup-linux-riscv64-musl":
      optional: true
    "@rollup/rollup-linux-s390x-gnu":
      optional: true
    "@rollup/rollup-linux-x64-gnu":
      optional: true
    "@rollup/rollup-linux-x64-musl":
      optional: true
    "@rollup/rollup-openbsd-x64":
      optional: true
    "@rollup/rollup-openharmony-arm64":
      optional: true
    "@rollup/rollup-win32-arm64-msvc":
      optional: true
    "@rollup/rollup-win32-ia32-msvc":
      optional: true
    "@rollup/rollup-win32-x64-gnu":
      optional: true
    "@rollup/rollup-win32-x64-msvc":
      optional: true
    fsevents:
      optional: true
  bin:
    rollup: dist/bin/rollup
  checksum: 354041c7d7f745866cc001bb09d157ae8c0602e82311823e724aa85a45c16346a09bd6bced9f773b0a16aba66abaf45e2952ec643e694a4b30df6dc69daa47ce
  languageName: node
  linkType: hard

"semver@npm:^7.3.5":
  version: 7.7.4
  resolution: "semver@npm:7.7.4"
  bin:
    semver: bin/semver.js
  checksum: 26bdc6d58b29528f4142d29afb8526bc335f4fc04c4a10f2b98b217f277a031c66736bf82d3d3bb354a2f6a3ae50f18fd62b053c4ac3f294a3d10a61f5075b75
  languageName: node
  linkType: hard

"siginfo@npm:^2.0.0":
  version: 2.0.0
  resolution: "siginfo@npm:2.0.0"
  checksum: e93ff66c6531a079af8fb217240df01f980155b5dc408d2d7bebc398dd284e383eb318153bf8acd4db3c4fe799aa5b9a641e38b0ba3b1975700b1c89547ea4e7
  languageName: node
  linkType: hard

"source-map-js@npm:^1.2.1":
  version: 1.2.1
  resolution: "source-map-js@npm:1.2.1"
  checksum: ff9d8c8bf096d534a5b7707e0382ef827b4dd360a577d3f34d2b9f48e12c9d230b5747974ee7c607f0df65113732711bb701fe9ece3c7edbd43cb2294d707df3
  languageName: node
  linkType: hard

"stackback@npm:0.0.2":
  version: 0.0.2
  resolution: "stackback@npm:0.0.2"
  checksum: 2d4dc4e64e2db796de4a3c856d5943daccdfa3dd092e452a1ce059c81e9a9c29e0b9badba91b43ef0d5ff5c04ee62feb3bcc559a804e16faf447bac2d883aa99
  languageName: node
  linkType: hard

"std-env@npm:^3.8.0":
  version: 3.10.0
  resolution: "std-env@npm:3.10.0"
  checksum: 19c9cda4f370b1ffae2b8b08c72167d8c3e5cfa972aaf5c6873f85d0ed2faa729407f5abb194dc33380708c00315002febb6f1e1b484736bfcf9361ad366013a
  languageName: node
  linkType: hard

"tar@npm:^7.5.4":
  version: 7.5.13
  resolution: "tar@npm:7.5.13"
  dependencies:
    "@isaacs/fs-minipass": "npm:^4.0.0"
    chownr: "npm:^3.0.0"
    minipass: "npm:^7.1.2"
    minizlib: "npm:^3.1.0"
    yallist: "npm:^5.0.0"
  checksum: 2bc2b6f0349038a6621dbba1c4522d45752d5071b2994692257113c2050cd23fafc30308f820e5f8ad6fda3f7d7f92adc9a432aa733daa04c42af2061c021c3f
  languageName: node
  linkType: hard

"tinybench@npm:^2.9.0":
  version: 2.9.0
  resolution: "tinybench@npm:2.9.0"
  checksum: cfa1e1418e91289219501703c4693c70708c91ffb7f040fd318d24aef419fb5a43e0c0160df9471499191968b2451d8da7f8087b08c3133c251c40d24aced06c
  languageName: node
  linkType: hard

"tinyexec@npm:^0.3.1":
  version: 0.3.2
  resolution: "tinyexec@npm:0.3.2"
  checksum: b9d5fed3166fb1acd1e7f9a89afcd97ccbe18b9c1af0278e429455f6976d69271ba2d21797e7c36d57d6b05025e525d2882d88c2ab435b60d1ddf2fea361de57
  languageName: node
  linkType: hard

"tinyglobby@npm:^0.2.12":
  version: 0.2.16
  resolution: "tinyglobby@npm:0.2.16"
  dependencies:
    fdir: "npm:^6.5.0"
    picomatch: "npm:^4.0.4"
  checksum: 5c2c41b572ada38449e7c86a5fe034f204a1dbba577225a761a14f29f48dc3f2fc0d81a6c56fcc67c5a742cc3aa9fb5e2ca18dbf22b610b0bc0e549b34d5a0f8
  languageName: node
  linkType: hard

"tinypool@npm:^1.0.1":
  version: 1.1.1
  resolution: "tinypool@npm:1.1.1"
  checksum: 0d54139e9dbc6ef33349768fa78890a4d708d16a7ab68e4e4ef3bb740609ddf0f9fd13292c2f413fbba756166c97051a657181c8f7ae92ade690604f183cc01d
  languageName: node
  linkType: hard

"tinyrainbow@npm:^1.2.0":
  version: 1.2.0
  resolution: "tinyrainbow@npm:1.2.0"
  checksum: 2924444db6804355e5ba2b6e586c7f77329d93abdd7257a069a0f4530dff9f16de484e80479094e3f39273462541b003a65ee3a6afc2d12555aa745132deba5d
  languageName: node
  linkType: hard

"tinyspy@npm:^3.0.2":
  version: 3.0.2
  resolution: "tinyspy@npm:3.0.2"
  checksum: 5db671b2ff5cd309de650c8c4761ca945459d7204afb1776db9a04fb4efa28a75f08517a8620c01ee32a577748802231ad92f7d5b194dc003ee7f987a2a06337
  languageName: node
  linkType: hard

"typescript@npm:^5.7.0":
  version: 5.9.3
  resolution: "typescript@npm:5.9.3"
  bin:
    tsc: bin/tsc
    tsserver: bin/tsserver
  checksum: c089d9d3da2729fd4ac517f9b0e0485914c4b3c26f80dc0cffcb5de1719a17951e92425d55db59515c1a7ddab65808466debb864d0d56dcf43f27007d0709594
  languageName: node
  linkType: hard

"typescript@patch:typescript@npm%3A^5.7.0#optional!builtin<compat/typescript>":
  version: 5.9.3
  resolution: "typescript@patch:typescript@npm%3A5.9.3#optional!builtin<compat/typescript>::version=5.9.3&hash=29ae49"
  bin:
    tsc: bin/tsc
    tsserver: bin/tsserver
  checksum: 5d416ad4f2ea564f515a3f919e901edbfa4b497cc17dd325c5726046c3eef7ed22d1f59c787267d478311f6f0a265ff790f8a6c7e9df3ea3471458f5ec81e8b7
  languageName: node
  linkType: hard

"undici-types@npm:~6.21.0":
  version: 6.21.0
  resolution: "undici-types@npm:6.21.0"
  checksum: ec8f41aa4359d50f9b59fa61fe3efce3477cc681908c8f84354d8567bb3701fafdddf36ef6bff307024d3feb42c837cf6f670314ba37fc8145e219560e473d14
  languageName: node
  linkType: hard

"undici@npm:^6.25.0":
  version: 6.25.0
  resolution: "undici@npm:6.25.0"
  checksum: a475e45da3e1d1073283bb70531666f09a432eabff2b857bd7063d469a1ee1486192ff61dc0dadbb526673ce1120fee14d66a59b6b17d1e0bd3a4d5f0a52d0a6
  languageName: node
  linkType: hard

"vite-node@npm:2.1.9":
  version: 2.1.9
  resolution: "vite-node@npm:2.1.9"
  dependencies:
    cac: "npm:^6.7.14"
    debug: "npm:^4.3.7"
    es-module-lexer: "npm:^1.5.4"
    pathe: "npm:^1.1.2"
    vite: "npm:^5.0.0"
  bin:
    vite-node: vite-node.mjs
  checksum: c3a6c93e6e0d822c972076fdd35a912fb2ff0dac328de6f748db99265307d321768a4145c7932d306ef8faaf60da44dc422fe6501e1ab1083258df6a7fab8b20
  languageName: node
  linkType: hard

"vite@npm:^5.0.0":
  version: 5.4.21
  resolution: "vite@npm:5.4.21"
  dependencies:
    esbuild: "npm:^0.21.3"
    fsevents: "npm:~2.3.3"
    postcss: "npm:^8.4.43"
    rollup: "npm:^4.20.0"
  peerDependencies:
    "@types/node": ^18.0.0 || >=20.0.0
    less: "*"
    lightningcss: ^1.21.0
    sass: "*"
    sass-embedded: "*"
    stylus: "*"
    sugarss: "*"
    terser: ^5.4.0
  dependenciesMeta:
    fsevents:
      optional: true
  peerDependenciesMeta:
    "@types/node":
      optional: true
    less:
      optional: true
    lightningcss:
      optional: true
    sass:
      optional: true
    sass-embedded:
      optional: true
    stylus:
      optional: true
    sugarss:
      optional: true
    terser:
      optional: true
  bin:
    vite: bin/vite.js
  checksum: 479a63e271d2d9e80a8e553e165444179681f33ddec1e7c84a43c4572f67c3d3abd33136389beb42703e32d3e96e1e8a930a222ee1bb64263ba057c187ccf793
  languageName: node
  linkType: hard

"vitest@npm:^2.1.0":
  version: 2.1.9
  resolution: "vitest@npm:2.1.9"
  dependencies:
    "@vitest/expect": "npm:2.1.9"
    "@vitest/mocker": "npm:2.1.9"
    "@vitest/pretty-format": "npm:^2.1.9"
    "@vitest/runner": "npm:2.1.9"
    "@vitest/snapshot": "npm:2.1.9"
    "@vitest/spy": "npm:2.1.9"
    "@vitest/utils": "npm:2.1.9"
    chai: "npm:^5.1.2"
    debug: "npm:^4.3.7"
    expect-type: "npm:^1.1.0"
    magic-string: "npm:^0.30.12"
    pathe: "npm:^1.1.2"
    std-env: "npm:^3.8.0"
    tinybench: "npm:^2.9.0"
    tinyexec: "npm:^0.3.1"
    tinypool: "npm:^1.0.1"
    tinyrainbow: "npm:^1.2.0"
    vite: "npm:^5.0.0"
    vite-node: "npm:2.1.9"
    why-is-node-running: "npm:^2.3.0"
  peerDependencies:
    "@edge-runtime/vm": "*"
    "@types/node": ^18.0.0 || >=20.0.0
    "@vitest/browser": 2.1.9
    "@vitest/ui": 2.1.9
    happy-dom: "*"
    jsdom: "*"
  peerDependenciesMeta:
    "@edge-runtime/vm":
      optional: true
    "@types/node":
      optional: true
    "@vitest/browser":
      optional: true
    "@vitest/ui":
      optional: true
    happy-dom:
      optional: true
    jsdom:
      optional: true
  bin:
    vitest: vitest.mjs
  checksum: 28e061be0ff9219b259f72e00c4890fb774f474a9225361e2a4be82c27d58fc01b8d928345c47d7b06d27165586ae09792e8954dcc4b0f0b439cd824c7374131
  languageName: node
  linkType: hard

"which@npm:^6.0.0":
  version: 6.0.1
  resolution: "which@npm:6.0.1"
  dependencies:
    isexe: "npm:^4.0.0"
  bin:
    node-which: bin/which.js
  checksum: dbea77c7d3058bf6c78bf9659d2dce4d2b57d39a15b826b2af6ac2e5a219b99dc8a831b79fdbc453c0598adb4f3f84cf9c2491fd52beb9f5d2dececcad117f68
  languageName: node
  linkType: hard

"why-is-node-running@npm:^2.3.0":
  version: 2.3.0
  resolution: "why-is-node-running@npm:2.3.0"
  dependencies:
    siginfo: "npm:^2.0.0"
    stackback: "npm:0.0.2"
  bin:
    why-is-node-running: cli.js
  checksum: 0de6e6cd8f2f94a8b5ca44e84cf1751eadcac3ebedcdc6e5fbbe6c8011904afcbc1a2777c53496ec02ced7b81f2e7eda61e76bf8262a8bc3ceaa1f6040508051
  languageName: node
  linkType: hard

"yallist@npm:^5.0.0":
  version: 5.0.0
  resolution: "yallist@npm:5.0.0"
  checksum: 1884d272d485845ad04759a255c71775db0fac56308764b4c77ea56a20d56679fad340213054c8c9c9c26fcfd4c4b2a90df993b7e0aaf3cdb73c618d1d1a802a
  languageName: node
  linkType: hard
