# THIS IS AN AUTOGENERATED FILE. DO NOT EDIT THIS FILE DIRECTLY.
# yarn lockfile v1


"@scope/util@^1.0.0":
  version "1.2.3"
  resolved "https://registry.yarnpkg.com/@scope/util/-/util-1.2.3.tgz#abc"
  integrity sha512-deadbeef

from-git@git+ssh://git@github.com/example/from-git.git:
  version "git+ssh://git@github.com/example/from-git.git#abc123"
  resolved "git+ssh://git@github.com/example/from-git.git#abc123"

loose-envify@^1.1.0:
  version "1.4.0"
  resolved "https://registry.yarnpkg.com/loose-envify/-/loose-envify-1.4.0.tgz#abc"
  integrity sha512-deadbeef

react@^18.0.0:
  version "18.2.0"
  resolved "https://registry.yarnpkg.com/react/-/react-18.2.0.tgz#abc"
  integrity sha512-deadbeef
  dependencies:
    loose-envify "^1.1.0"

vitest@^3.0.0, vitest@^3.2.0:
  version "3.2.4"
  resolved "https://registry.yarnpkg.com/vitest/-/vitest-3.2.4.tgz#abc"
  integrity sha512-deadbeef
