# THIS IS AN AUTOGENERATED FILE. DO NOT EDIT THIS FILE DIRECTLY.
# yarn lockfile v1


"my-local-scanner@file:../my-local-scanner":
  version "1.0.0"
  resolved "file:../my-local-scanner"
  uid ""
  dependencies:
    sharp "^0.32.0"

sharp@^0.32.0:
  version "0.32.6"
  resolved "https://registry.yarnpkg.com/sharp/-/sharp-0.32.6.tgz#6ad30c0b7cd910df65d5f355f774aa4c999fccd5"
  integrity sha512-KyLTWwgcR9Oe4d1HinFZkUYUEoYxw6Vd47nKFEZ8R3jLdp4G6dnFLfBgdM0J42lc4j9YuVrUaa3nVQwtBlMb6==

"vendored-utils@link:./vendor/utils":
  version "0.0.0"
  resolved "link:./vendor/utils"
