{
  "name": "case-git-github-tarball",
  "version": "0.0.0",
  "lockfileVersion": 1,
  "requires": true,
  "dependencies": {
    "is-git": {
      "version": "git+https://github.com/sindresorhus/is.git#47f49741eacf0a3678684738159a87c2011bb026",
      "from": "git+https://github.com/sindresorhus/is.git#v6.3.1"
    },
    "is-github": {
      "version": "github:sindresorhus/is#47f49741eacf0a3678684738159a87c2011bb026",
      "from": "github:sindresorhus/is#v6.3.1"
    },
    "ms-tarball": {
      "version": "https://registry.npmjs.org/ms/-/ms-2.1.3.tgz",
      "integrity": "sha512-6FlzubTLZG3J2a/NVCAleEhjzq5oxgHyaCU9yYXvcLsvoVaHJq/s5xXI6/XXP6tz7R9xAOtHnSO/tXtF3WRTlA=="
    }
  }
}
