# This file is generated by running "yarn install" inside your project.
# Manual changes might be lost - proceed with caution!

__metadata:
  version: 7
  cacheKey: 10

"case-git-github-tarball@workspace:.":
  version: 0.0.0-use.local
  resolution: "case-git-github-tarball@workspace:."
  dependencies:
    is-git: "git+https://github.com/sindresorhus/is.git#v6.3.1"
    is-github: "github:sindresorhus/is#v6.3.1"
    ms-tarball: "https://registry.npmjs.org/ms/-/ms-2.1.3.tgz"
  linkType: soft
  languageName: unknown

"is-git@https://github.com/sindresorhus/is.git#commit=70f5e45c32620c7c3007ab43cab48d017ffaadff, is-git@git+https://github.com/sindresorhus/is.git#v6.3.1":
  version: 6.3.1
  resolution: "is-git@https://github.com/sindresorhus/is.git#commit=70f5e45c32620c7c3007ab43cab48d017ffaadff"
  linkType: hard
  languageName: node
  checksum: ee16ba2a7c9c1d191167f0a570de02ea3ec5ab74240f47917f1aae69ca0231767ccf16f9e8e543f78769ddc3f67bba4b57badd4e74ea0f42d1e2f86cc6ac769c

"is-github@https://github.com/sindresorhus/is.git#commit=70f5e45c32620c7c3007ab43cab48d017ffaadff, is-github@github:sindresorhus/is#v6.3.1":
  version: 6.3.1
  resolution: "is-github@https://github.com/sindresorhus/is.git#commit=70f5e45c32620c7c3007ab43cab48d017ffaadff"
  linkType: hard
  languageName: node
  checksum: 33a2d49aebbe10b08210ca37ddd6b4ce6b244b51eac7bdf16c7c4e49c0c80856439809d8b10318f896524e85fbbf67aa1a38114fa44c4b49500aec6efac59714

"ms-tarball@https://registry.npmjs.org/ms/-/ms-2.1.3.tgz":
  version: 2.1.3
  resolution: "ms-tarball@https://registry.npmjs.org/ms/-/ms-2.1.3.tgz"
  linkType: hard
  languageName: node
  checksum: e150e83f8b35d71cc99f42e75fd93a07849e037aa39fa0ad392d5520731614508fd348f4a412563d1eafedbcbe53d78ede70f75a27e330e4a4addb2ffdd11b9a
