# THIS IS AN AUTOGENERATED FILE. DO NOT EDIT THIS FILE DIRECTLY.
# yarn lockfile v1


"is-git@git+https://github.com/sindresorhus/is.git#v6.3.1":
  version "6.3.1"
  resolved "git+https://github.com/sindresorhus/is.git#47f49741eacf0a3678684738159a87c2011bb026"

"is-github@github:sindresorhus/is#v6.3.1":
  version "6.3.1"
  resolved "https://codeload.github.com/sindresorhus/is/tar.gz/47f49741eacf0a3678684738159a87c2011bb026"

"ms-tarball@https://registry.npmjs.org/ms/-/ms-2.1.3.tgz":
  version "2.1.3"
  resolved "https://registry.npmjs.org/ms/-/ms-2.1.3.tgz#574c8138ce1d2b5861f0b44579dbadd60c6615b2"
