# THIS IS AN AUTOGENERATED FILE. DO NOT EDIT THIS FILE DIRECTLY.
# yarn lockfile v1


"@babel/runtime@^7.7.2":
  version "7.21.0"
  resolved "https://registry.yarnpkg.com/@babel/runtime/-/runtime-7.21.0.tgz#5b6f3eedab3eee5f2e0e6c0b3e0e6c0b3e0e6c0b"
  integrity sha512-xwII0//EObnq89Ji5AKYQaRYiW/nz3oAHjZmkc9aLg1+1ASGwmH+G6vt0gLM8jl7Bn4od0H9jJ+0WlzJzGcG6w==
  dependencies:
    regenerator-runtime "^0.13.4"

"@magento/peregrine@link:packages/peregrine":
  version "0.0.0"
  resolved "link:packages/peregrine"

"@magento/pwa-buildpack@file:packages/pwa-buildpack":
  version "0.0.0"
  resolved "file:packages/pwa-buildpack"
  dependencies:
    "@babel/runtime" "^7.7.2"

"@magento/venia-ui@portal:packages/venia-ui":
  version "0.0.0"
  resolved "portal:packages/venia-ui"

regenerator-runtime@^0.13.4:
  version "0.13.11"
  resolved "https://registry.yarnpkg.com/regenerator-runtime/-/regenerator-runtime-0.13.11.tgz#f6dca3e7ceec20590d07ada785636a90cdca17f9"
  integrity sha512-kY1AZVr2Ra+t+piVaJ4gxaFaReZVH40AKNo7UCX6W+dEwBo/2oZJzqfuN1qLq1oL45o56cPaTXELwrTh8Fpgg==
