# This file is generated by running "yarn install" inside your project.
# Manual changes might be lost - proceed with caution!

__metadata:
  version: 4
  cacheKey: 7

"@sindresorhus/is@npm:6.3.1":
  version: 6.3.1
  resolution: "@sindresorhus/is@npm:6.3.1"
  checksum: e3e50d217de1eeff1d579dbce4116697d1996b92fe1f8623534ab017764d69ca155961bd878775e7345b4d3c6db649e9f0681c384b913e65e769af163ac45ea1
  languageName: node
  linkType: hard

"@types/node@npm:20.11.30":
  version: 20.11.30
  resolution: "@types/node@npm:20.11.30"
  dependencies:
    undici-types: ~5.26.4
  checksum: 831b6f61689bb40422971a18c03ec684a61800ce3632dfc2b4e033f72d39a9338b306aee2c68c5e76dfa49fb571c8873d305af9449932a9db35387e9da0578e2
  languageName: node
  linkType: hard

"case-deps-with-scopes@workspace:.":
  version: 0.0.0-use.local
  resolution: "case-deps-with-scopes@workspace:."
  dependencies:
    "@sindresorhus/is": 6.3.1
    "@types/node": 20.11.30
    ms: 2.1.3
  languageName: unknown
  linkType: soft

"ms@npm:2.1.3":
  version: 2.1.3
  resolution: "ms@npm:2.1.3"
  checksum: 6e721e648a544154d5de4c114b32f573d8027ca8ec505cf6c1105e505986d6ac46934a1256735aa0eece8eb2f5b2a1230503b2dddd3b100f9f016fd8a4f15f33
  languageName: node
  linkType: hard

"undici-types@npm:~5.26.4":
  version: 5.26.5
  resolution: "undici-types@npm:5.26.5"
  checksum: 55e14a010998c7e70681ac5533974dec80d8ae780cfbf7f99489abc28e764b051f94f94bff1ecf20a3df93590569e30e3b9cdafd54cebb78768f6a9a9577e2ee
  languageName: node
  linkType: hard
